{
  "name": "natural-cubic-spline",
  "version": "1.0.0",
  "lockfileVersion": 2,
  "requires": true,
  "packages": {
    "": {
      "version": "1.0.0",
      "license": "ISC",
      "dependencies": {
        "matrix-js": "^1.6.1"
      },
      "bin": {
        "spline": "bin/spline.js"
      }
    },
    "node_modules/matrix-js": {
      "version": "1.6.1",
      "resolved": "https://registry.npmjs.org/matrix-js/-/matrix-js-1.6.1.tgz",
      "integrity": "sha512-Lc7rDBJCL0ZK+ptRW246EYrcfYx0EeOCPrOwDxm3ZV7zpKzM3Kx1nzl4w3ElmS/TwMwkFTaCsT1U7FKPHYLkhg=="
    }
  },
  "dependencies": {
    "matrix-js": {
      "version": "1.6.1",
      "resolved": "https://registry.npmjs.org/matrix-js/-/matrix-js-1.6.1.tgz",
      "integrity": "sha512-Lc7rDBJCL0ZK+ptRW246EYrcfYx0EeOCPrOwDxm3ZV7zpKzM3Kx1nzl4w3ElmS/TwMwkFTaCsT1U7FKPHYLkhg=="
    }
  }
}
